
Microsoft Visual Studio Solution File, Format Version 12.00
# Visual Studio Version 17
VisualStudioVersion = 17.2.32602.215
MinimumVisualStudioVersion = 10.0.40219.1
Project("{2150E333-8FDC-42A3-9474-1A3956D46DE8}") = "Services", "Services", "{E45E5952-463E-4BD2-8D6E-684BACFB79C5}"
EndProject
Project("{9A19103F-16F7-4668-BE54-9A1E7A4F7556}") = "Mango.Servces.ProductAPI", "Mango.Servces.ProductAPI\Mango.Servces.ProductAPI.csproj", "{7BD4055C-743E-4C5E-BC6F-6BEE515684C8}"
EndProject
Project("{9A19103F-16F7-4668-BE54-9A1E7A4F7556}") = "Mango.Services.Identity", "Mango.Services.Identity\Mango.Services.Identity.csproj", "{E2EFE3BA-2356-43A6-B79E-AB2CC94287F0}"
EndProject
Project("{2150E333-8FDC-42A3-9474-1A3956D46DE8}") = "Frontend", "Frontend", "{682255B9-FAC3-4F3D-A33C-6AD750D21004}"
EndProject
Project("{9A19103F-16F7-4668-BE54-9A1E7A4F7556}") = "Mango.Web", "Mongo.Web\Mango.Web.csproj", "{3B235CE9-6261-4845-BDBD-EDED67A6B09F}"
EndProject
Project("{9A19103F-16F7-4668-BE54-9A1E7A4F7556}") = "Mango.Services.ShoppingCartAPI", "Mango.Services.ShoppingCartAPI\Mango.Services.ShoppingCartAPI.csproj", "{6092066C-2EFA-4B2E-8B54-05051B6B58F5}"
EndProject
Project("{9A19103F-16F7-4668-BE54-9A1E7A4F7556}") = "Mango.Services.CouponAPI", "Mango.Services.CouponAPI\Mango.Services.CouponAPI.csproj", "{05274019-F916-49E8-8A75-211954D0481A}"
EndProject
Project("{2150E333-8FDC-42A3-9474-1A3956D46DE8}") = "Integration", "Integration", "{F259B50F-2265-403D-80EB-77B87AB13D9F}"
EndProject
Project("{9A19103F-16F7-4668-BE54-9A1E7A4F7556}") = "Mango.MessageBus", "Mango.MessageBus\Mango.MessageBus.csproj", "{11F336E6-AF13-4C6C-BEDE-9A8F118DCE91}"
EndProject
Project("{9A19103F-16F7-4668-BE54-9A1E7A4F7556}") = "Mango.Services.OrderAPI", "Mango.Services.OrderAPI\Mango.Services.OrderAPI.csproj", "{017D724A-26BA-4541-9AAE-D87C79A23E76}"
EndProject
Project("{2150E333-8FDC-42A3-9474-1A3956D46DE8}") = "Payments", "Payments", "{0CD76237-7112-4C7B-9998-4FB01B677400}"
EndProject
Project("{9A19103F-16F7-4668-BE54-9A1E7A4F7556}") = "PaymentProcessor", "PaymentProcessor\PaymentProcessor.csproj", "{9ED46A76-5DA8-4CA8-9429-5A87A58D7235}"
EndProject
Project("{9A19103F-16F7-4668-BE54-9A1E7A4F7556}") = "Mango.Services.PaymentAPI", "Mango.Services.PaymentAPI\Mango.Services.PaymentAPI.csproj", "{C62AB852-1CCD-4C0D-A82D-4430D0468627}"
EndProject
Project("{FAE04EC0-301F-11D3-BF4B-00C04F79EFBC}") = "Mango.Services.Email", "Mango.Services.Email\Mango.Services.Email.csproj", "{855FE096-6EE5-412A-A631-5FC3E794E9DC}"
EndProject
Project("{2150E333-8FDC-42A3-9474-1A3956D46DE8}") = "Geteway", "Geteway", "{C69D5B09-43D4-4711-AAF2-A8B9ACF341B9}"
EndProject
Project("{FAE04EC0-301F-11D3-BF4B-00C04F79EFBC}") = "Mango.GatewaySolution", "Mango.GatewaySolution\Mango.GatewaySolution.csproj", "{436BD4BC-AF68-498E-BC15-BD168C47F823}"
EndProject
Global
	GlobalSection(SolutionConfigurationPlatforms) = preSolution
		Debug|Any CPU = Debug|Any CPU
		Release|Any CPU = Release|Any CPU
	EndGlobalSection
	GlobalSection(ProjectConfigurationPlatforms) = postSolution
		{7BD4055C-743E-4C5E-BC6F-6BEE515684C8}.Debug|Any CPU.ActiveCfg = Debug|Any CPU
		{7BD4055C-743E-4C5E-BC6F-6BEE515684C8}.Debug|Any CPU.Build.0 = Debug|Any CPU
		{7BD4055C-743E-4C5E-BC6F-6BEE515684C8}.Release|Any CPU.ActiveCfg = Release|Any CPU
		{7BD4055C-743E-4C5E-BC6F-6BEE515684C8}.Release|Any CPU.Build.0 = Release|Any CPU
		{E2EFE3BA-2356-43A6-B79E-AB2CC94287F0}.Debug|Any CPU.ActiveCfg = Debug|Any CPU
		{E2EFE3BA-2356-43A6-B79E-AB2CC94287F0}.Debug|Any CPU.Build.0 = Debug|Any CPU
		{E2EFE3BA-2356-43A6-B79E-AB2CC94287F0}.Release|Any CPU.ActiveCfg = Release|Any CPU
		{E2EFE3BA-2356-43A6-B79E-AB2CC94287F0}.Release|Any CPU.Build.0 = Release|Any CPU
		{3B235CE9-6261-4845-BDBD-EDED67A6B09F}.Debug|Any CPU.ActiveCfg = Debug|Any CPU
		{3B235CE9-6261-4845-BDBD-EDED67A6B09F}.Debug|Any CPU.Build.0 = Debug|Any CPU
		{3B235CE9-6261-4845-BDBD-EDED67A6B09F}.Release|Any CPU.ActiveCfg = Release|Any CPU
		{3B235CE9-6261-4845-BDBD-EDED67A6B09F}.Release|Any CPU.Build.0 = Release|Any CPU
		{6092066C-2EFA-4B2E-8B54-05051B6B58F5}.Debug|Any CPU.ActiveCfg = Debug|Any CPU
		{6092066C-2EFA-4B2E-8B54-05051B6B58F5}.Debug|Any CPU.Build.0 = Debug|Any CPU
		{6092066C-2EFA-4B2E-8B54-05051B6B58F5}.Release|Any CPU.ActiveCfg = Release|Any CPU
		{6092066C-2EFA-4B2E-8B54-05051B6B58F5}.Release|Any CPU.Build.0 = Release|Any CPU
		{05274019-F916-49E8-8A75-211954D0481A}.Debug|Any CPU.ActiveCfg = Debug|Any CPU
		{05274019-F916-49E8-8A75-211954D0481A}.Debug|Any CPU.Build.0 = Debug|Any CPU
		{05274019-F916-49E8-8A75-211954D0481A}.Release|Any CPU.ActiveCfg = Release|Any CPU
		{05274019-F916-49E8-8A75-211954D0481A}.Release|Any CPU.Build.0 = Release|Any CPU
		{11F336E6-AF13-4C6C-BEDE-9A8F118DCE91}.Debug|Any CPU.ActiveCfg = Debug|Any CPU
		{11F336E6-AF13-4C6C-BEDE-9A8F118DCE91}.Debug|Any CPU.Build.0 = Debug|Any CPU
		{11F336E6-AF13-4C6C-BEDE-9A8F118DCE91}.Release|Any CPU.ActiveCfg = Release|Any CPU
		{11F336E6-AF13-4C6C-BEDE-9A8F118DCE91}.Release|Any CPU.Build.0 = Release|Any CPU
		{017D724A-26BA-4541-9AAE-D87C79A23E76}.Debug|Any CPU.ActiveCfg = Debug|Any CPU
		{017D724A-26BA-4541-9AAE-D87C79A23E76}.Debug|Any CPU.Build.0 = Debug|Any CPU
		{017D724A-26BA-4541-9AAE-D87C79A23E76}.Release|Any CPU.ActiveCfg = Release|Any CPU
		{017D724A-26BA-4541-9AAE-D87C79A23E76}.Release|Any CPU.Build.0 = Release|Any CPU
		{9ED46A76-5DA8-4CA8-9429-5A87A58D7235}.Debug|Any CPU.ActiveCfg = Debug|Any CPU
		{9ED46A76-5DA8-4CA8-9429-5A87A58D7235}.Debug|Any CPU.Build.0 = Debug|Any CPU
		{9ED46A76-5DA8-4CA8-9429-5A87A58D7235}.Release|Any CPU.ActiveCfg = Release|Any CPU
		{9ED46A76-5DA8-4CA8-9429-5A87A58D7235}.Release|Any CPU.Build.0 = Release|Any CPU
		{C62AB852-1CCD-4C0D-A82D-4430D0468627}.Debug|Any CPU.ActiveCfg = Debug|Any CPU
		{C62AB852-1CCD-4C0D-A82D-4430D0468627}.Debug|Any CPU.Build.0 = Debug|Any CPU
		{C62AB852-1CCD-4C0D-A82D-4430D0468627}.Release|Any CPU.ActiveCfg = Release|Any CPU
		{C62AB852-1CCD-4C0D-A82D-4430D0468627}.Release|Any CPU.Build.0 = Release|Any CPU
		{855FE096-6EE5-412A-A631-5FC3E794E9DC}.Debug|Any CPU.ActiveCfg = Debug|Any CPU
		{855FE096-6EE5-412A-A631-5FC3E794E9DC}.Debug|Any CPU.Build.0 = Debug|Any CPU
		{855FE096-6EE5-412A-A631-5FC3E794E9DC}.Release|Any CPU.ActiveCfg = Release|Any CPU
		{855FE096-6EE5-412A-A631-5FC3E794E9DC}.Release|Any CPU.Build.0 = Release|Any CPU
		{436BD4BC-AF68-498E-BC15-BD168C47F823}.Debug|Any CPU.ActiveCfg = Debug|Any CPU
		{436BD4BC-AF68-498E-BC15-BD168C47F823}.Debug|Any CPU.Build.0 = Debug|Any CPU
		{436BD4BC-AF68-498E-BC15-BD168C47F823}.Release|Any CPU.ActiveCfg = Release|Any CPU
		{436BD4BC-AF68-498E-BC15-BD168C47F823}.Release|Any CPU.Build.0 = Release|Any CPU
	EndGlobalSection
	GlobalSection(SolutionProperties) = preSolution
		HideSolutionNode = FALSE
	EndGlobalSection
	GlobalSection(NestedProjects) = preSolution
		{7BD4055C-743E-4C5E-BC6F-6BEE515684C8} = {E45E5952-463E-4BD2-8D6E-684BACFB79C5}
		{E2EFE3BA-2356-43A6-B79E-AB2CC94287F0} = {E45E5952-463E-4BD2-8D6E-684BACFB79C5}
		{3B235CE9-6261-4845-BDBD-EDED67A6B09F} = {682255B9-FAC3-4F3D-A33C-6AD750D21004}
		{6092066C-2EFA-4B2E-8B54-05051B6B58F5} = {E45E5952-463E-4BD2-8D6E-684BACFB79C5}
		{05274019-F916-49E8-8A75-211954D0481A} = {E45E5952-463E-4BD2-8D6E-684BACFB79C5}
		{11F336E6-AF13-4C6C-BEDE-9A8F118DCE91} = {F259B50F-2265-403D-80EB-77B87AB13D9F}
		{017D724A-26BA-4541-9AAE-D87C79A23E76} = {E45E5952-463E-4BD2-8D6E-684BACFB79C5}
		{9ED46A76-5DA8-4CA8-9429-5A87A58D7235} = {0CD76237-7112-4C7B-9998-4FB01B677400}
		{C62AB852-1CCD-4C0D-A82D-4430D0468627} = {E45E5952-463E-4BD2-8D6E-684BACFB79C5}
		{855FE096-6EE5-412A-A631-5FC3E794E9DC} = {E45E5952-463E-4BD2-8D6E-684BACFB79C5}
		{436BD4BC-AF68-498E-BC15-BD168C47F823} = {C69D5B09-43D4-4711-AAF2-A8B9ACF341B9}
	EndGlobalSection
	GlobalSection(ExtensibilityGlobals) = postSolution
		SolutionGuid = {FFF4A23F-2DBC-415F-86DF-D61A9EA81B83}
	EndGlobalSection
EndGlobal
